
Microsoft Visual Studio Solution File, Format Version 12.00
# Visual Studio Version 17
VisualStudioVersion = 17.10.35013.160
MinimumVisualStudioVersion = 10.0.40219.1
Project("{FAE04EC0-301F-11D3-BF4B-00C04F79EFBC}") = "FlashcardsApp", "FlashcardsApp.csproj", "{91474181-BFEF-4797-8B22-F83BFF5E8285}"
EndProject
Global
	GlobalSection(SolutionConfigurationPlatforms) = preSolution
		Debug|Any CPU = Debug|Any CPU
		Release|Any CPU = Release|Any CPU
	EndGlobalSection
	GlobalSection(ProjectConfigurationPlatforms) = postSolution
		{91474181-BFEF-4797-8B22-F83BFF5E8285}.Debug|Any CPU.ActiveCfg = Debug|Any CPU
		{91474181-BFEF-4797-8B22-F83BFF5E8285}.Debug|Any CPU.Build.0 = Debug|Any CPU
		{91474181-BFEF-4797-8B22-F83BFF5E8285}.Release|Any CPU.ActiveCfg = Release|Any CPU
		{91474181-BFEF-4797-8B22-F83BFF5E8285}.Release|Any CPU.Build.0 = Release|Any CPU
	EndGlobalSection
	GlobalSection(SolutionProperties) = preSolution
		HideSolutionNode = FALSE
	EndGlobalSection
	GlobalSection(ExtensibilityGlobals) = postSolution
		SolutionGuid = {C6D79419-80B5-4C83-BCB4-592954F2EDF5}
	EndGlobalSection
EndGlobal
